
Microsoft Visual Studio Solution File, Format Version 10.00
# Visual Studio 2008
Project("{FAE04EC0-301F-11D3-BF4B-00C04F79EFBC}") = "Kemerait_Lab_2_20090203", "Kemerait_Lab_2_20090203\Kemerait_Lab_2_20090203.csproj", "{0EACF603-FB78-40EE-9EA1-2601C939CCB7}"
EndProject
Global
	GlobalSection(SolutionConfigurationPlatforms) = preSolution
		Debug|Any CPU = Debug|Any CPU
		Release|Any CPU = Release|Any CPU
	EndGlobalSection
	GlobalSection(ProjectConfigurationPlatforms) = postSolution
		{0EACF603-FB78-40EE-9EA1-2601C939CCB7}.Debug|Any CPU.ActiveCfg = Debug|Any CPU
		{0EACF603-FB78-40EE-9EA1-2601C939CCB7}.Debug|Any CPU.Build.0 = Debug|Any CPU
		{0EACF603-FB78-40EE-9EA1-2601C939CCB7}.Release|Any CPU.ActiveCfg = Release|Any CPU
		{0EACF603-FB78-40EE-9EA1-2601C939CCB7}.Release|Any CPU.Build.0 = Release|Any CPU
	EndGlobalSection
	GlobalSection(SolutionProperties) = preSolution
		HideSolutionNode = FALSE
	EndGlobalSection
EndGlobal
