
Microsoft Visual Studio Solution File, Format Version 10.00
# Visual Studio 2008
Project("{FAE04EC0-301F-11D3-BF4B-00C04F79EFBC}") = "Kemerait_Lab_1_20090127", "Kemerait_Lab_1_20090127\Kemerait_Lab_1_20090127.csproj", "{823E5EF9-D313-4F00-A612-0655B8020C45}"
EndProject
Global
	GlobalSection(SolutionConfigurationPlatforms) = preSolution
		Debug|Any CPU = Debug|Any CPU
		Release|Any CPU = Release|Any CPU
	EndGlobalSection
	GlobalSection(ProjectConfigurationPlatforms) = postSolution
		{823E5EF9-D313-4F00-A612-0655B8020C45}.Debug|Any CPU.ActiveCfg = Debug|Any CPU
		{823E5EF9-D313-4F00-A612-0655B8020C45}.Debug|Any CPU.Build.0 = Debug|Any CPU
		{823E5EF9-D313-4F00-A612-0655B8020C45}.Release|Any CPU.ActiveCfg = Release|Any CPU
		{823E5EF9-D313-4F00-A612-0655B8020C45}.Release|Any CPU.Build.0 = Release|Any CPU
	EndGlobalSection
	GlobalSection(SolutionProperties) = preSolution
		HideSolutionNode = FALSE
	EndGlobalSection
EndGlobal
