
Microsoft Visual Studio Solution File, Format Version 11.00
# Visual Studio 2010
Project("{FAE04EC0-301F-11D3-BF4B-00C04F79EFBC}") = "WorkflowService2", "WorkflowService2\WorkflowService2.csproj", "{751C920F-642D-4244-BA8D-6ACFF9652065}"
EndProject
Global
	GlobalSection(SolutionConfigurationPlatforms) = preSolution
		Debug|Any CPU = Debug|Any CPU
		Release|Any CPU = Release|Any CPU
	EndGlobalSection
	GlobalSection(ProjectConfigurationPlatforms) = postSolution
		{751C920F-642D-4244-BA8D-6ACFF9652065}.Debug|Any CPU.ActiveCfg = Debug|Any CPU
		{751C920F-642D-4244-BA8D-6ACFF9652065}.Debug|Any CPU.Build.0 = Debug|Any CPU
		{751C920F-642D-4244-BA8D-6ACFF9652065}.Release|Any CPU.ActiveCfg = Release|Any CPU
		{751C920F-642D-4244-BA8D-6ACFF9652065}.Release|Any CPU.Build.0 = Release|Any CPU
	EndGlobalSection
	GlobalSection(SolutionProperties) = preSolution
		HideSolutionNode = FALSE
	EndGlobalSection
EndGlobal
