
Microsoft Visual Studio Solution File, Format Version 11.00
# Visual Studio 2010
Project("{FAE04EC0-301F-11D3-BF4B-00C04F79EFBC}") = "Workflow1", "Workflow1\Workflow1.csproj", "{295B7146-FF0E-46AE-8A37-F1F7971DE395}"
EndProject
Global
	GlobalSection(SolutionConfigurationPlatforms) = preSolution
		Debug|Any CPU = Debug|Any CPU
		Release|Any CPU = Release|Any CPU
	EndGlobalSection
	GlobalSection(ProjectConfigurationPlatforms) = postSolution
		{295B7146-FF0E-46AE-8A37-F1F7971DE395}.Debug|Any CPU.ActiveCfg = Debug|Any CPU
		{295B7146-FF0E-46AE-8A37-F1F7971DE395}.Debug|Any CPU.Build.0 = Debug|Any CPU
		{295B7146-FF0E-46AE-8A37-F1F7971DE395}.Release|Any CPU.ActiveCfg = Release|Any CPU
		{295B7146-FF0E-46AE-8A37-F1F7971DE395}.Release|Any CPU.Build.0 = Release|Any CPU
	EndGlobalSection
	GlobalSection(SolutionProperties) = preSolution
		HideSolutionNode = FALSE
	EndGlobalSection
EndGlobal
