
Microsoft Visual Studio Solution File, Format Version 10.00
# Visual Studio 2008
Project("{FAE04EC0-301F-11D3-BF4B-00C04F79EFBC}") = "Kemerait_Lab_10_20090415", "Kemerait_Lab_10_20090415\Kemerait_Lab_10_20090415.csproj", "{468DED56-4420-4F02-A837-704BE6D7A563}"
EndProject
Global
	GlobalSection(SolutionConfigurationPlatforms) = preSolution
		Debug|Any CPU = Debug|Any CPU
		Release|Any CPU = Release|Any CPU
	EndGlobalSection
	GlobalSection(ProjectConfigurationPlatforms) = postSolution
		{468DED56-4420-4F02-A837-704BE6D7A563}.Debug|Any CPU.ActiveCfg = Debug|Any CPU
		{468DED56-4420-4F02-A837-704BE6D7A563}.Debug|Any CPU.Build.0 = Debug|Any CPU
		{468DED56-4420-4F02-A837-704BE6D7A563}.Release|Any CPU.ActiveCfg = Release|Any CPU
		{468DED56-4420-4F02-A837-704BE6D7A563}.Release|Any CPU.Build.0 = Release|Any CPU
	EndGlobalSection
	GlobalSection(SolutionProperties) = preSolution
		HideSolutionNode = FALSE
	EndGlobalSection
EndGlobal
