
Microsoft Visual Studio Solution File, Format Version 10.00
# Visual Studio 2008
Project("{FAE04EC0-301F-11D3-BF4B-00C04F79EFBC}") = "Kemerait_Lab_5_20090224", "Kemerait_Lab_5_20090224\Kemerait_Lab_5_20090224.csproj", "{024D296A-5323-4BD5-8E9F-B7D4AC1ECFF0}"
EndProject
Global
	GlobalSection(SolutionConfigurationPlatforms) = preSolution
		Debug|Any CPU = Debug|Any CPU
		Release|Any CPU = Release|Any CPU
	EndGlobalSection
	GlobalSection(ProjectConfigurationPlatforms) = postSolution
		{024D296A-5323-4BD5-8E9F-B7D4AC1ECFF0}.Debug|Any CPU.ActiveCfg = Debug|Any CPU
		{024D296A-5323-4BD5-8E9F-B7D4AC1ECFF0}.Debug|Any CPU.Build.0 = Debug|Any CPU
		{024D296A-5323-4BD5-8E9F-B7D4AC1ECFF0}.Release|Any CPU.ActiveCfg = Release|Any CPU
		{024D296A-5323-4BD5-8E9F-B7D4AC1ECFF0}.Release|Any CPU.Build.0 = Release|Any CPU
	EndGlobalSection
	GlobalSection(SolutionProperties) = preSolution
		HideSolutionNode = FALSE
	EndGlobalSection
EndGlobal
