
Microsoft Visual Studio Solution File, Format Version 10.00
# Visual Studio 2008
Project("{FAE04EC0-301F-11D3-BF4B-00C04F79EFBC}") = "Kemerait_Assignment_2_20090409", "Kemerait_Assignment_2_20090409\Kemerait_Assignment_2_20090409.csproj", "{AD6F3791-6685-4CD3-9FD4-CEE4C8D5090A}"
EndProject
Global
	GlobalSection(SolutionConfigurationPlatforms) = preSolution
		Debug|Any CPU = Debug|Any CPU
		Release|Any CPU = Release|Any CPU
	EndGlobalSection
	GlobalSection(ProjectConfigurationPlatforms) = postSolution
		{AD6F3791-6685-4CD3-9FD4-CEE4C8D5090A}.Debug|Any CPU.ActiveCfg = Debug|Any CPU
		{AD6F3791-6685-4CD3-9FD4-CEE4C8D5090A}.Debug|Any CPU.Build.0 = Debug|Any CPU
		{AD6F3791-6685-4CD3-9FD4-CEE4C8D5090A}.Release|Any CPU.ActiveCfg = Release|Any CPU
		{AD6F3791-6685-4CD3-9FD4-CEE4C8D5090A}.Release|Any CPU.Build.0 = Release|Any CPU
	EndGlobalSection
	GlobalSection(SolutionProperties) = preSolution
		HideSolutionNode = FALSE
	EndGlobalSection
EndGlobal
