
Microsoft Visual Studio Solution File, Format Version 10.00
# Visual Studio 2008
Project("{8BC9CEB8-8B4A-11D0-8D11-00A0C91BC942}") = "Hash_Example", "Hash_Example.vcproj", "{AB741A59-E1E2-4AD6-8ED6-6A57167AA392}"
EndProject
Global
	GlobalSection(SolutionConfigurationPlatforms) = preSolution
		Debug|Win32 = Debug|Win32
		Debug|x64 = Debug|x64
		Release|Win32 = Release|Win32
		Release|x64 = Release|x64
	EndGlobalSection
	GlobalSection(ProjectConfigurationPlatforms) = postSolution
		{AB741A59-E1E2-4AD6-8ED6-6A57167AA392}.Debug|Win32.ActiveCfg = Debug|Win32
		{AB741A59-E1E2-4AD6-8ED6-6A57167AA392}.Debug|Win32.Build.0 = Debug|Win32
		{AB741A59-E1E2-4AD6-8ED6-6A57167AA392}.Debug|x64.ActiveCfg = Debug|x64
		{AB741A59-E1E2-4AD6-8ED6-6A57167AA392}.Debug|x64.Build.0 = Debug|x64
		{AB741A59-E1E2-4AD6-8ED6-6A57167AA392}.Release|Win32.ActiveCfg = Release|Win32
		{AB741A59-E1E2-4AD6-8ED6-6A57167AA392}.Release|Win32.Build.0 = Release|Win32
		{AB741A59-E1E2-4AD6-8ED6-6A57167AA392}.Release|x64.ActiveCfg = Release|x64
		{AB741A59-E1E2-4AD6-8ED6-6A57167AA392}.Release|x64.Build.0 = Release|x64
	EndGlobalSection
	GlobalSection(SolutionProperties) = preSolution
		HideSolutionNode = FALSE
	EndGlobalSection
EndGlobal
